Microsoft Visual Studio Solution File, Format Version 12.00
# Visual Studio 15
VisualStudioVersion = 15.0.27004.2005
MinimumVisualStudioVersion = 10.0.40219.1
Project("{8BC9CEB8-8B4A-11D0-8D11-00A0C91BC942}") = "PiCamTest", "PiCamTest\PiCamTest.vcxproj", "{4681D0F2-F93F-4361-8F91-9126529A649A}"
	ProjectSection(ProjectDependencies) = postProject
		{073D5536-FE7D-49AE-9D21-E3ACED77A920} = {073D5536-FE7D-49AE-9D21-E3ACED77A920}
	EndProjectSection
EndProject
Project("{8BC9CEB8-8B4A-11D0-8D11-00A0C91BC942}") = "RaspiCam", "RaspiCam\RaspiCam\RaspiCam.vcxproj", "{073D5536-FE7D-49AE-9D21-E3ACED77A920}"
EndProject
Global
	GlobalSection(SolutionConfigurationPlatforms) = preSolution
		Debug|VisualGDB = Debug|VisualGDB
		Debug|x64 = Debug|x64
		Debug|x86 = Debug|x86
		MinSizeRel|VisualGDB = MinSizeRel|VisualGDB
		MinSizeRel|x64 = MinSizeRel|x64
		MinSizeRel|x86 = MinSizeRel|x86
		Release|VisualGDB = Release|VisualGDB
		Release|x64 = Release|x64
		Release|x86 = Release|x86
		RelWithDebInfo|VisualGDB = RelWithDebInfo|VisualGDB
		RelWithDebInfo|x64 = RelWithDebInfo|x64
		RelWithDebInfo|x86 = RelWithDebInfo|x86
	EndGlobalSection
	GlobalSection(ProjectConfigurationPlatforms) = postSolution
		{4681D0F2-F93F-4361-8F91-9126529A649A}.Debug|VisualGDB.ActiveCfg = Debug|Win32
		{4681D0F2-F93F-4361-8F91-9126529A649A}.Debug|x64.ActiveCfg = Debug|Win32
		{4681D0F2-F93F-4361-8F91-9126529A649A}.Debug|x86.ActiveCfg = Debug|Win32
		{4681D0F2-F93F-4361-8F91-9126529A649A}.Debug|x86.Build.0 = Debug|Win32
		{4681D0F2-F93F-4361-8F91-9126529A649A}.MinSizeRel|VisualGDB.ActiveCfg = Release|Win32
		{4681D0F2-F93F-4361-8F91-9126529A649A}.MinSizeRel|VisualGDB.Build.0 = Release|Win32
		{4681D0F2-F93F-4361-8F91-9126529A649A}.MinSizeRel|x64.ActiveCfg = Release|Win32
		{4681D0F2-F93F-4361-8F91-9126529A649A}.MinSizeRel|x64.Build.0 = Release|Win32
		{4681D0F2-F93F-4361-8F91-9126529A649A}.MinSizeRel|x86.ActiveCfg = Release|Win32
		{4681D0F2-F93F-4361-8F91-9126529A649A}.MinSizeRel|x86.Build.0 = Release|Win32
		{4681D0F2-F93F-4361-8F91-9126529A649A}.Release|VisualGDB.ActiveCfg = Release|Win32
		{4681D0F2-F93F-4361-8F91-9126529A649A}.Release|x64.ActiveCfg = Release|Win32
		{4681D0F2-F93F-4361-8F91-9126529A649A}.Release|x86.ActiveCfg = Release|Win32
		{4681D0F2-F93F-4361-8F91-9126529A649A}.Release|x86.Build.0 = Release|Win32
		{4681D0F2-F93F-4361-8F91-9126529A649A}.RelWithDebInfo|VisualGDB.ActiveCfg = Release|Win32
		{4681D0F2-F93F-4361-8F91-9126529A649A}.RelWithDebInfo|VisualGDB.Build.0 = Release|Win32
		{4681D0F2-F93F-4361-8F91-9126529A649A}.RelWithDebInfo|x64.ActiveCfg = Release|Win32
		{4681D0F2-F93F-4361-8F91-9126529A649A}.RelWithDebInfo|x64.Build.0 = Release|Win32
		{4681D0F2-F93F-4361-8F91-9126529A649A}.RelWithDebInfo|x86.ActiveCfg = Release|Win32
		{4681D0F2-F93F-4361-8F91-9126529A649A}.RelWithDebInfo|x86.Build.0 = Release|Win32
		{073D5536-FE7D-49AE-9D21-E3ACED77A920}.Debug|VisualGDB.ActiveCfg = Debug|Win32
		{073D5536-FE7D-49AE-9D21-E3ACED77A920}.Debug|x64.ActiveCfg = Debug|Win32
		{073D5536-FE7D-49AE-9D21-E3ACED77A920}.Debug|x86.ActiveCfg = Debug|Win32
		{073D5536-FE7D-49AE-9D21-E3ACED77A920}.Debug|x86.Build.0 = Debug|Win32
		{073D5536-FE7D-49AE-9D21-E3ACED77A920}.MinSizeRel|VisualGDB.ActiveCfg = Release|Win32
		{073D5536-FE7D-49AE-9D21-E3ACED77A920}.MinSizeRel|VisualGDB.Build.0 = Release|Win32
		{073D5536-FE7D-49AE-9D21-E3ACED77A920}.MinSizeRel|x64.ActiveCfg = Release|Win32
		{073D5536-FE7D-49AE-9D21-E3ACED77A920}.MinSizeRel|x64.Build.0 = Release|Win32
		{073D5536-FE7D-49AE-9D21-E3ACED77A920}.MinSizeRel|x86.ActiveCfg = Release|Win32
		{073D5536-FE7D-49AE-9D21-E3ACED77A920}.MinSizeRel|x86.Build.0 = Release|Win32
		{073D5536-FE7D-49AE-9D21-E3ACED77A920}.Release|VisualGDB.ActiveCfg = Release|Win32
		{073D5536-FE7D-49AE-9D21-E3ACED77A920}.Release|x64.ActiveCfg = Release|Win32
		{073D5536-FE7D-49AE-9D21-E3ACED77A920}.Release|x86.ActiveCfg = Release|Win32
		{073D5536-FE7D-49AE-9D21-E3ACED77A920}.Release|x86.Build.0 = Release|Win32
		{073D5536-FE7D-49AE-9D21-E3ACED77A920}.RelWithDebInfo|VisualGDB.ActiveCfg = Release|Win32
		{073D5536-FE7D-49AE-9D21-E3ACED77A920}.RelWithDebInfo|VisualGDB.Build.0 = Release|Win32
		{073D5536-FE7D-49AE-9D21-E3ACED77A920}.RelWithDebInfo|x64.ActiveCfg = Release|Win32
		{073D5536-FE7D-49AE-9D21-E3ACED77A920}.RelWithDebInfo|x64.Build.0 = Release|Win32
		{073D5536-FE7D-49AE-9D21-E3ACED77A920}.RelWithDebInfo|x86.ActiveCfg = Release|Win32
		{073D5536-FE7D-49AE-9D21-E3ACED77A920}.RelWithDebInfo|x86.Build.0 = Release|Win32
	EndGlobalSection
	GlobalSection(SolutionProperties) = preSolution
		HideSolutionNode = FALSE
	EndGlobalSection
	GlobalSection(ExtensibilityGlobals) = postSolution
		SolutionGuid = {E0D3240F-D8BE-4AB8-B7F2-8FBC740677A9}
	EndGlobalSection
EndGlobal
