<?xml version="1.0" encoding="utf-8"?>
<Project ToolsVersion="4.0" xmlns="http://schemas.microsoft.com/developer/msbuild/2003">
  <ItemGroup>
    <Filter Include="Source files">
      <UniqueIdentifier>{8f305d34-858b-4689-b1d9-45b42d75e0cd}</UniqueIdentifier>
      <Extensions>cpp;c;cc;cxx;def;odl;idl;hpj;bat;asm;asmx</Extensions>
    </Filter>
    <Filter Include="Header files">
      <UniqueIdentifier>{0092e59a-6a51-4341-ad81-a0c7d2c97b4a}</UniqueIdentifier>
      <Extensions>h;hpp;hxx;hm;inl;inc;xsd</Extensions>
    </Filter>
    <Filter Include="Resource files">
      <UniqueIdentifier>{e7755b63-af03-4900-bfce-e676dfe473a1}</UniqueIdentifier>
      <Extensions>rc;ico;cur;bmp;dlg;rc2;rct;bin;rgs;gif;jpg;jpeg;jpe;resx;tiff;tif;png;wav</Extensions>
    </Filter>
    <Filter Include="CMake files">
      <UniqueIdentifier>{22f42498-fdde-43ec-b55e-da76bf514c26}</UniqueIdentifier>
    </Filter>
    <Filter Include="VisualGDB settings">
      <UniqueIdentifier>{8d6308be-9752-47c6-adb2-97bef3a71712}</UniqueIdentifier>
    </Filter>
  </ItemGroup>
  <ItemGroup>
    <ClCompile Include="OpenCVCameraDemo.cpp">
      <Filter>Source files</Filter>
    </ClCompile>
    <None Include="CMakeLists.txt">
      <Filter>Source files</Filter>
    </None>
    <None Include="toolchain-Debug.cmake">
      <Filter>CMake files</Filter>
    </None>
    <None Include="toolchain-Release.cmake">
      <Filter>CMake files</Filter>
    </None>
    <None Include="OpenCVCameraDemo-Debug.vgdbsettings">
      <Filter>VisualGDB settings</Filter>
    </None>
    <None Include="OpenCVCameraDemo-Release.vgdbsettings">
      <Filter>VisualGDB settings</Filter>
    </None>
  </ItemGroup>
</Project>